
Microsoft Visual Studio Solution File, Format Version 12.00
# Visual Studio 15
VisualStudioVersion = 15.0.26124.0
MinimumVisualStudioVersion = 15.0.26124.0
Project("{2150E333-8FDC-42A3-9474-1A3956D46DE8}") = "src", "src", "{A430C6E2-8C68-476E-886D-CA407EB1C85C}"
EndProject
Project("{2150E333-8FDC-42A3-9474-1A3956D46DE8}") = "Application", "Application", "{0CE05773-3FAA-47EB-9B96-23BF338E2B1D}"
EndProject
Project("{FAE04EC0-301F-11D3-BF4B-00C04F79EFBC}") = "MinutoSeguros.Application", "src\2-Application\MinutoSeguros.Application\MinutoSeguros.Application.csproj", "{287D0750-0F6D-4142-80D8-BBAC42166334}"
EndProject
Project("{2150E333-8FDC-42A3-9474-1A3956D46DE8}") = "Domain", "Domain", "{7C2BD1EB-0728-4A5C-B49E-47D1F4996AE6}"
EndProject
Project("{FAE04EC0-301F-11D3-BF4B-00C04F79EFBC}") = "MinutoSeguros.Domain", "src\3-Domain\MinutoSeguros.Domain\MinutoSeguros.Domain.csproj", "{29F1DAC1-E0EA-47F9-A996-A8C37E239A96}"
EndProject
Project("{2150E333-8FDC-42A3-9474-1A3956D46DE8}") = "Infra", "Infra", "{B9278F3D-78BD-4E12-A8FD-B5E16F2DA61D}"
EndProject
Project("{FAE04EC0-301F-11D3-BF4B-00C04F79EFBC}") = "MinutoSeguros.Infra.DI", "src\4-Infra\MinutoSeguros.Infra.DI\MinutoSeguros.Infra.DI.csproj", "{FB49EBEE-D084-4059-9D61-E2D4AA170731}"
EndProject
Project("{FAE04EC0-301F-11D3-BF4B-00C04F79EFBC}") = "MinutoSeguros.Infra.Http", "src\4-Infra\MinutoSeguros.Infra.Http\MinutoSeguros.Infra.Http.csproj", "{2DF58325-5E18-42E0-802F-3C6CF0894B63}"
EndProject
Project("{2150E333-8FDC-42A3-9474-1A3956D46DE8}") = "Test", "Test", "{27F4E9DA-8738-4DD2-B0F3-A7A9CD7338B7}"
EndProject
Project("{FAE04EC0-301F-11D3-BF4B-00C04F79EFBC}") = "MinutoSeguros.SeleniumTest", "src\5-Test\MinutoSeguros.SeleniumTest\MinutoSeguros.SeleniumTest.csproj", "{09CB1526-5723-4135-AD02-A5A3FC7D45BC}"
EndProject
Project("{FAE04EC0-301F-11D3-BF4B-00C04F79EFBC}") = "MinutoSeguros.UnitTest", "src\5-Test\MinutoSeguros.UnitTest\MinutoSeguros.UnitTest.csproj", "{73FE0F55-A353-4A0A-AFB2-50A49B849BF7}"
EndProject
Project("{2150E333-8FDC-42A3-9474-1A3956D46DE8}") = "1-Front", "1-Front", "{74B00860-B025-4C6D-B803-8B42B6949883}"
EndProject
Project("{FAE04EC0-301F-11D3-BF4B-00C04F79EFBC}") = "MinutoSeguros.Mvc", "src\1-Front\MinutoSeguros.Mvc\MinutoSeguros.Mvc.csproj", "{D903549E-FD0B-4FDA-BB54-7A12506FC4EF}"
EndProject
Global
	GlobalSection(SolutionConfigurationPlatforms) = preSolution
		Debug|Any CPU = Debug|Any CPU
		Debug|x64 = Debug|x64
		Debug|x86 = Debug|x86
		Release|Any CPU = Release|Any CPU
		Release|x64 = Release|x64
		Release|x86 = Release|x86
	EndGlobalSection
	GlobalSection(SolutionProperties) = preSolution
		HideSolutionNode = FALSE
	EndGlobalSection
	GlobalSection(ProjectConfigurationPlatforms) = postSolution
		{287D0750-0F6D-4142-80D8-BBAC42166334}.Debug|Any CPU.ActiveCfg = Debug|Any CPU
		{287D0750-0F6D-4142-80D8-BBAC42166334}.Debug|Any CPU.Build.0 = Debug|Any CPU
		{287D0750-0F6D-4142-80D8-BBAC42166334}.Debug|x64.ActiveCfg = Debug|Any CPU
		{287D0750-0F6D-4142-80D8-BBAC42166334}.Debug|x64.Build.0 = Debug|Any CPU
		{287D0750-0F6D-4142-80D8-BBAC42166334}.Debug|x86.ActiveCfg = Debug|Any CPU
		{287D0750-0F6D-4142-80D8-BBAC42166334}.Debug|x86.Build.0 = Debug|Any CPU
		{287D0750-0F6D-4142-80D8-BBAC42166334}.Release|Any CPU.ActiveCfg = Release|Any CPU
		{287D0750-0F6D-4142-80D8-BBAC42166334}.Release|Any CPU.Build.0 = Release|Any CPU
		{287D0750-0F6D-4142-80D8-BBAC42166334}.Release|x64.ActiveCfg = Release|Any CPU
		{287D0750-0F6D-4142-80D8-BBAC42166334}.Release|x64.Build.0 = Release|Any CPU
		{287D0750-0F6D-4142-80D8-BBAC42166334}.Release|x86.ActiveCfg = Release|Any CPU
		{287D0750-0F6D-4142-80D8-BBAC42166334}.Release|x86.Build.0 = Release|Any CPU
		{29F1DAC1-E0EA-47F9-A996-A8C37E239A96}.Debug|Any CPU.ActiveCfg = Debug|Any CPU
		{29F1DAC1-E0EA-47F9-A996-A8C37E239A96}.Debug|Any CPU.Build.0 = Debug|Any CPU
		{29F1DAC1-E0EA-47F9-A996-A8C37E239A96}.Debug|x64.ActiveCfg = Debug|Any CPU
		{29F1DAC1-E0EA-47F9-A996-A8C37E239A96}.Debug|x64.Build.0 = Debug|Any CPU
		{29F1DAC1-E0EA-47F9-A996-A8C37E239A96}.Debug|x86.ActiveCfg = Debug|Any CPU
		{29F1DAC1-E0EA-47F9-A996-A8C37E239A96}.Debug|x86.Build.0 = Debug|Any CPU
		{29F1DAC1-E0EA-47F9-A996-A8C37E239A96}.Release|Any CPU.ActiveCfg = Release|Any CPU
		{29F1DAC1-E0EA-47F9-A996-A8C37E239A96}.Release|Any CPU.Build.0 = Release|Any CPU
		{29F1DAC1-E0EA-47F9-A996-A8C37E239A96}.Release|x64.ActiveCfg = Release|Any CPU
		{29F1DAC1-E0EA-47F9-A996-A8C37E239A96}.Release|x64.Build.0 = Release|Any CPU
		{29F1DAC1-E0EA-47F9-A996-A8C37E239A96}.Release|x86.ActiveCfg = Release|Any CPU
		{29F1DAC1-E0EA-47F9-A996-A8C37E239A96}.Release|x86.Build.0 = Release|Any CPU
		{FB49EBEE-D084-4059-9D61-E2D4AA170731}.Debug|Any CPU.ActiveCfg = Debug|Any CPU
		{FB49EBEE-D084-4059-9D61-E2D4AA170731}.Debug|Any CPU.Build.0 = Debug|Any CPU
		{FB49EBEE-D084-4059-9D61-E2D4AA170731}.Debug|x64.ActiveCfg = Debug|Any CPU
		{FB49EBEE-D084-4059-9D61-E2D4AA170731}.Debug|x64.Build.0 = Debug|Any CPU
		{FB49EBEE-D084-4059-9D61-E2D4AA170731}.Debug|x86.ActiveCfg = Debug|Any CPU
		{FB49EBEE-D084-4059-9D61-E2D4AA170731}.Debug|x86.Build.0 = Debug|Any CPU
		{FB49EBEE-D084-4059-9D61-E2D4AA170731}.Release|Any CPU.ActiveCfg = Release|Any CPU
		{FB49EBEE-D084-4059-9D61-E2D4AA170731}.Release|Any CPU.Build.0 = Release|Any CPU
		{FB49EBEE-D084-4059-9D61-E2D4AA170731}.Release|x64.ActiveCfg = Release|Any CPU
		{FB49EBEE-D084-4059-9D61-E2D4AA170731}.Release|x64.Build.0 = Release|Any CPU
		{FB49EBEE-D084-4059-9D61-E2D4AA170731}.Release|x86.ActiveCfg = Release|Any CPU
		{FB49EBEE-D084-4059-9D61-E2D4AA170731}.Release|x86.Build.0 = Release|Any CPU
		{2DF58325-5E18-42E0-802F-3C6CF0894B63}.Debug|Any CPU.ActiveCfg = Debug|Any CPU
		{2DF58325-5E18-42E0-802F-3C6CF0894B63}.Debug|Any CPU.Build.0 = Debug|Any CPU
		{2DF58325-5E18-42E0-802F-3C6CF0894B63}.Debug|x64.ActiveCfg = Debug|Any CPU
		{2DF58325-5E18-42E0-802F-3C6CF0894B63}.Debug|x64.Build.0 = Debug|Any CPU
		{2DF58325-5E18-42E0-802F-3C6CF0894B63}.Debug|x86.ActiveCfg = Debug|Any CPU
		{2DF58325-5E18-42E0-802F-3C6CF0894B63}.Debug|x86.Build.0 = Debug|Any CPU
		{2DF58325-5E18-42E0-802F-3C6CF0894B63}.Release|Any CPU.ActiveCfg = Release|Any CPU
		{2DF58325-5E18-42E0-802F-3C6CF0894B63}.Release|Any CPU.Build.0 = Release|Any CPU
		{2DF58325-5E18-42E0-802F-3C6CF0894B63}.Release|x64.ActiveCfg = Release|Any CPU
		{2DF58325-5E18-42E0-802F-3C6CF0894B63}.Release|x64.Build.0 = Release|Any CPU
		{2DF58325-5E18-42E0-802F-3C6CF0894B63}.Release|x86.ActiveCfg = Release|Any CPU
		{2DF58325-5E18-42E0-802F-3C6CF0894B63}.Release|x86.Build.0 = Release|Any CPU
		{09CB1526-5723-4135-AD02-A5A3FC7D45BC}.Debug|Any CPU.ActiveCfg = Debug|Any CPU
		{09CB1526-5723-4135-AD02-A5A3FC7D45BC}.Debug|Any CPU.Build.0 = Debug|Any CPU
		{09CB1526-5723-4135-AD02-A5A3FC7D45BC}.Debug|x64.ActiveCfg = Debug|Any CPU
		{09CB1526-5723-4135-AD02-A5A3FC7D45BC}.Debug|x64.Build.0 = Debug|Any CPU
		{09CB1526-5723-4135-AD02-A5A3FC7D45BC}.Debug|x86.ActiveCfg = Debug|Any CPU
		{09CB1526-5723-4135-AD02-A5A3FC7D45BC}.Debug|x86.Build.0 = Debug|Any CPU
		{09CB1526-5723-4135-AD02-A5A3FC7D45BC}.Release|Any CPU.ActiveCfg = Release|Any CPU
		{09CB1526-5723-4135-AD02-A5A3FC7D45BC}.Release|Any CPU.Build.0 = Release|Any CPU
		{09CB1526-5723-4135-AD02-A5A3FC7D45BC}.Release|x64.ActiveCfg = Release|Any CPU
		{09CB1526-5723-4135-AD02-A5A3FC7D45BC}.Release|x64.Build.0 = Release|Any CPU
		{09CB1526-5723-4135-AD02-A5A3FC7D45BC}.Release|x86.ActiveCfg = Release|Any CPU
		{09CB1526-5723-4135-AD02-A5A3FC7D45BC}.Release|x86.Build.0 = Release|Any CPU
		{73FE0F55-A353-4A0A-AFB2-50A49B849BF7}.Debug|Any CPU.ActiveCfg = Debug|Any CPU
		{73FE0F55-A353-4A0A-AFB2-50A49B849BF7}.Debug|Any CPU.Build.0 = Debug|Any CPU
		{73FE0F55-A353-4A0A-AFB2-50A49B849BF7}.Debug|x64.ActiveCfg = Debug|Any CPU
		{73FE0F55-A353-4A0A-AFB2-50A49B849BF7}.Debug|x64.Build.0 = Debug|Any CPU
		{73FE0F55-A353-4A0A-AFB2-50A49B849BF7}.Debug|x86.ActiveCfg = Debug|Any CPU
		{73FE0F55-A353-4A0A-AFB2-50A49B849BF7}.Debug|x86.Build.0 = Debug|Any CPU
		{73FE0F55-A353-4A0A-AFB2-50A49B849BF7}.Release|Any CPU.ActiveCfg = Release|Any CPU
		{73FE0F55-A353-4A0A-AFB2-50A49B849BF7}.Release|Any CPU.Build.0 = Release|Any CPU
		{73FE0F55-A353-4A0A-AFB2-50A49B849BF7}.Release|x64.ActiveCfg = Release|Any CPU
		{73FE0F55-A353-4A0A-AFB2-50A49B849BF7}.Release|x64.Build.0 = Release|Any CPU
		{73FE0F55-A353-4A0A-AFB2-50A49B849BF7}.Release|x86.ActiveCfg = Release|Any CPU
		{73FE0F55-A353-4A0A-AFB2-50A49B849BF7}.Release|x86.Build.0 = Release|Any CPU
		{D903549E-FD0B-4FDA-BB54-7A12506FC4EF}.Debug|Any CPU.ActiveCfg = Debug|Any CPU
		{D903549E-FD0B-4FDA-BB54-7A12506FC4EF}.Debug|Any CPU.Build.0 = Debug|Any CPU
		{D903549E-FD0B-4FDA-BB54-7A12506FC4EF}.Debug|x64.ActiveCfg = Debug|Any CPU
		{D903549E-FD0B-4FDA-BB54-7A12506FC4EF}.Debug|x64.Build.0 = Debug|Any CPU
		{D903549E-FD0B-4FDA-BB54-7A12506FC4EF}.Debug|x86.ActiveCfg = Debug|Any CPU
		{D903549E-FD0B-4FDA-BB54-7A12506FC4EF}.Debug|x86.Build.0 = Debug|Any CPU
		{D903549E-FD0B-4FDA-BB54-7A12506FC4EF}.Release|Any CPU.ActiveCfg = Release|Any CPU
		{D903549E-FD0B-4FDA-BB54-7A12506FC4EF}.Release|Any CPU.Build.0 = Release|Any CPU
		{D903549E-FD0B-4FDA-BB54-7A12506FC4EF}.Release|x64.ActiveCfg = Release|Any CPU
		{D903549E-FD0B-4FDA-BB54-7A12506FC4EF}.Release|x64.Build.0 = Release|Any CPU
		{D903549E-FD0B-4FDA-BB54-7A12506FC4EF}.Release|x86.ActiveCfg = Release|Any CPU
		{D903549E-FD0B-4FDA-BB54-7A12506FC4EF}.Release|x86.Build.0 = Release|Any CPU
	EndGlobalSection
	GlobalSection(NestedProjects) = preSolution
		{0CE05773-3FAA-47EB-9B96-23BF338E2B1D} = {A430C6E2-8C68-476E-886D-CA407EB1C85C}
		{287D0750-0F6D-4142-80D8-BBAC42166334} = {0CE05773-3FAA-47EB-9B96-23BF338E2B1D}
		{7C2BD1EB-0728-4A5C-B49E-47D1F4996AE6} = {A430C6E2-8C68-476E-886D-CA407EB1C85C}
		{29F1DAC1-E0EA-47F9-A996-A8C37E239A96} = {7C2BD1EB-0728-4A5C-B49E-47D1F4996AE6}
		{B9278F3D-78BD-4E12-A8FD-B5E16F2DA61D} = {A430C6E2-8C68-476E-886D-CA407EB1C85C}
		{FB49EBEE-D084-4059-9D61-E2D4AA170731} = {B9278F3D-78BD-4E12-A8FD-B5E16F2DA61D}
		{2DF58325-5E18-42E0-802F-3C6CF0894B63} = {B9278F3D-78BD-4E12-A8FD-B5E16F2DA61D}
		{27F4E9DA-8738-4DD2-B0F3-A7A9CD7338B7} = {A430C6E2-8C68-476E-886D-CA407EB1C85C}
		{09CB1526-5723-4135-AD02-A5A3FC7D45BC} = {27F4E9DA-8738-4DD2-B0F3-A7A9CD7338B7}
		{73FE0F55-A353-4A0A-AFB2-50A49B849BF7} = {27F4E9DA-8738-4DD2-B0F3-A7A9CD7338B7}
		{74B00860-B025-4C6D-B803-8B42B6949883} = {A430C6E2-8C68-476E-886D-CA407EB1C85C}
		{D903549E-FD0B-4FDA-BB54-7A12506FC4EF} = {74B00860-B025-4C6D-B803-8B42B6949883}
	EndGlobalSection
EndGlobal
